
Microsoft Visual Studio Solution File, Format Version 12.00
# Visual Studio 15
VisualStudioVersion = 15.0.28307.779
MinimumVisualStudioVersion = 10.0.40219.1
Project("{FAE04EC0-301F-11D3-BF4B-00C04F79EFBC}") = "Singleton", "CreationalDesignPatterns\Singleton\Singleton.csproj", "{4A46D279-6D09-48E3-ABA2-7A0FFC9DE782}"
EndProject
Global
	GlobalSection(SolutionConfigurationPlatforms) = preSolution
		Debug|Any CPU = Debug|Any CPU
		Release|Any CPU = Release|Any CPU
	EndGlobalSection
	GlobalSection(ProjectConfigurationPlatforms) = postSolution
		{4A46D279-6D09-48E3-ABA2-7A0FFC9DE782}.Debug|Any CPU.ActiveCfg = Debug|Any CPU
		{4A46D279-6D09-48E3-ABA2-7A0FFC9DE782}.Debug|Any CPU.Build.0 = Debug|Any CPU
		{4A46D279-6D09-48E3-ABA2-7A0FFC9DE782}.Release|Any CPU.ActiveCfg = Release|Any CPU
		{4A46D279-6D09-48E3-ABA2-7A0FFC9DE782}.Release|Any CPU.Build.0 = Release|Any CPU
	EndGlobalSection
	GlobalSection(SolutionProperties) = preSolution
		HideSolutionNode = FALSE
	EndGlobalSection
	GlobalSection(ExtensibilityGlobals) = postSolution
		SolutionGuid = {43BF3961-5AB3-4487-8444-9A5ACCF5862E}
	EndGlobalSection
EndGlobal
